// !$*UTF8*$!
{
	archiveVersion = 1;
	classes = {
	};
	objectVersion = 46;
	objects = {

/* Begin PBXBuildFile section */
		D49DF1D61C90C60400ECC740 /* main.m in Sources */ = {isa = PBXBuildFile; fileRef = D49DF1D51C90C60400ECC740 /* main.m */; };
		D49DF1D91C90C60400ECC740 /* AppDelegate.m in Sources */ = {isa = PBXBuildFile; fileRef = D49DF1D81C90C60400ECC740 /* AppDelegate.m */; };
		D49DF1DC1C90C60400ECC740 /* ViewController.m in Sources */ = {isa = PBXBuildFile; fileRef = D49DF1DB1C90C60400ECC740 /* ViewController.m */; };
		D49DF1DF1C90C60400ECC740 /* Main.storyboard in Resources */ = {isa = PBXBuildFile; fileRef = D49DF1DD1C90C60400ECC740 /* Main.storyboard */; };
		D49DF1E11C90C60400ECC740 /* Assets.xcassets in Resources */ = {isa = PBXBuildFile; fileRef = D49DF1E01C90C60400ECC740 /* Assets.xcassets */; };
		D49DF1E41C90C60400ECC740 /* LaunchScreen.storyboard in Resources */ = {isa = PBXBuildFile; fileRef = D49DF1E21C90C60400ECC740 /* LaunchScreen.storyboard */; };
		D49DF1EF1C90C60400ECC740 /* DesignPattersTests.m in Sources */ = {isa = PBXBuildFile; fileRef = D49DF1EE1C90C60400ECC740 /* DesignPattersTests.m */; };
		D49DF1FA1C90C60400ECC740 /* DesignPattersUITests.m in Sources */ = {isa = PBXBuildFile; fileRef = D49DF1F91C90C60400ECC740 /* DesignPattersUITests.m */; };
		D49DF2091C90C62700ECC740 /* SingletonClass.m in Sources */ = {isa = PBXBuildFile; fileRef = D49DF2081C90C62700ECC740 /* SingletonClass.m */; };
		D49DF20C1C90DE0500ECC740 /* DelegateClass.m in Sources */ = {isa = PBXBuildFile; fileRef = D49DF20B1C90DE0500ECC740 /* DelegateClass.m */; };
		D49DF20F1C90FD5000ECC740 /* ObserverClass.m in Sources */ = {isa = PBXBuildFile; fileRef = D49DF20E1C90FD5000ECC740 /* ObserverClass.m */; };
/* End PBXBuildFile section */

/* Begin PBXContainerItemProxy section */
		D49DF1EB1C90C60400ECC740 /* PBXContainerItemProxy */ = {
			isa = PBXContainerItemProxy;
			containerPortal = D49DF1C91C90C60400ECC740 /* Project object */;
			proxyType = 1;
			remoteGlobalIDString = D49DF1D01C90C60400ECC740;
			remoteInfo = DesignPatters;
		};
		D49DF1F61C90C60400ECC740 /* PBXContainerItemProxy */ = {
			isa = PBXContainerItemProxy;
			containerPortal = D49DF1C91C90C60400ECC740 /* Project object */;
			proxyType = 1;
			remoteGlobalIDString = D49DF1D01C90C60400ECC740;
			remoteInfo = DesignPatters;
		};
/* End PBXContainerItemProxy section */

/* Begin PBXFileReference section */
		D49DF1D11C90C60400ECC740 /* DesignPatters.app */ = {isa = PBXFileReference; explicitFileType = wrapper.application; includeInIndex = 0; path = DesignPatters.app; sourceTree = BUILT_PRODUCTS_DIR; };
		D49DF1D51C90C60400ECC740 /* main.m */ = {isa = PBXFileReference; lastKnownFileType = sourcecode.c.objc; path = main.m; sourceTree = "<group>"; };
		D49DF1D71C90C60400ECC740 /* AppDelegate.h */ = {isa = PBXFileReference; lastKnownFileType = sourcecode.c.h; path = AppDelegate.h; sourceTree = "<group>"; };
		D49DF1D81C90C60400ECC740 /* AppDelegate.m */ = {isa = PBXFileReference; lastKnownFileType = sourcecode.c.objc; path = AppDelegate.m; sourceTree = "<group>"; };
		D49DF1DA1C90C60400ECC740 /* ViewController.h */ = {isa = PBXFileReference; lastKnownFileType = sourcecode.c.h; path = ViewController.h; sourceTree = "<group>"; };
		D49DF1DB1C90C60400ECC740 /* ViewController.m */ = {isa = PBXFileReference; lastKnownFileType = sourcecode.c.objc; path = ViewController.m; sourceTree = "<group>"; };
		D49DF1DE1C90C60400ECC740 /* Base */ = {isa = PBXFileReference; lastKnownFileType = file.storyboard; name = Base; path = Base.lproj/Main.storyboard; sourceTree = "<group>"; };
		D49DF1E01C90C60400ECC740 /* Assets.xcassets */ = {isa = PBXFileReference; lastKnownFileType = folder.assetcatalog; path = Assets.xcassets; sourceTree = "<group>"; };
		D49DF1E31C90C60400ECC740 /* Base */ = {isa = PBXFileReference; lastKnownFileType = file.storyboard; name = Base; path = Base.lproj/LaunchScreen.storyboard; sourceTree = "<group>"; };
		D49DF1E51C90C60400ECC740 /* Info.plist */ = {isa = PBXFileReference; lastKnownFileType = text.plist.xml; path = Info.plist; sourceTree = "<group>"; };
		D49DF1EA1C90C60400ECC740 /* DesignPattersTests.xctest */ = {isa = PBXFileReference; explicitFileType = wrapper.cfbundle; includeInIndex = 0; path = DesignPattersTests.xctest; sourceTree = BUILT_PRODUCTS_DIR; };
		D49DF1EE1C90C60400ECC740 /* DesignPattersTests.m */ = {isa = PBXFileReference; lastKnownFileType = sourcecode.c.objc; path = DesignPattersTests.m; sourceTree = "<group>"; };
		D49DF1F01C90C60400ECC740 /* Info.plist */ = {isa = PBXFileReference; lastKnownFileType = text.plist.xml; path = Info.plist; sourceTree = "<group>"; };
		D49DF1F51C90C60400ECC740 /* DesignPattersUITests.xctest */ = {isa = PBXFileReference; explicitFileType = wrapper.cfbundle; includeInIndex = 0; path = DesignPattersUITests.xctest; sourceTree = BUILT_PRODUCTS_DIR; };
		D49DF1F91C90C60400ECC740 /* DesignPattersUITests.m */ = {isa = PBXFileReference; lastKnownFileType = sourcecode.c.objc; path = DesignPattersUITests.m; sourceTree = "<group>"; };
		D49DF1FB1C90C60400ECC740 /* Info.plist */ = {isa = PBXFileReference; lastKnownFileType = text.plist.xml; path = Info.plist; sourceTree = "<group>"; };
		D49DF2071C90C62700ECC740 /* SingletonClass.h */ = {isa = PBXFileReference; fileEncoding = 4; lastKnownFileType = sourcecode.c.h; path = SingletonClass.h; sourceTree = "<group>"; };
		D49DF2081C90C62700ECC740 /* SingletonClass.m */ = {isa = PBXFileReference; fileEncoding = 4; lastKnownFileType = sourcecode.c.objc; path = SingletonClass.m; sourceTree = "<group>"; };
		D49DF20A1C90DE0500ECC740 /* DelegateClass.h */ = {isa = PBXFileReference; fileEncoding = 4; lastKnownFileType = sourcecode.c.h; path = DelegateClass.h; sourceTree = "<group>"; };
		D49DF20B1C90DE0500ECC740 /* DelegateClass.m */ = {isa = PBXFileReference; fileEncoding = 4; lastKnownFileType = sourcecode.c.objc; path = DelegateClass.m; sourceTree = "<group>"; };
		D49DF20D1C90FD5000ECC740 /* ObserverClass.h */ = {isa = PBXFileReference; fileEncoding = 4; lastKnownFileType = sourcecode.c.h; path = ObserverClass.h; sourceTree = "<group>"; };
		D49DF20E1C90FD5000ECC740 /* ObserverClass.m */ = {isa = PBXFileReference; fileEncoding = 4; lastKnownFileType = sourcecode.c.objc; path = ObserverClass.m; sourceTree = "<group>"; };
/* End PBXFileReference section */

/* Begin PBXFrameworksBuildPhase section */
		D49DF1CE1C90C60400ECC740 /* Frameworks */ = {
			isa = PBXFrameworksBuildPhase;
			buildActionMask = 2147483647;
			files = (
			);
			runOnlyForDeploymentPostprocessing = 0;
		};
		D49DF1E71C90C60400ECC740 /* Frameworks */ = {
			isa = PBXFrameworksBuildPhase;
			buildActionMask = 2147483647;
			files = (
			);
			runOnlyForDeploymentPostprocessing = 0;
		};
		D49DF1F21C90C60400ECC740 /* Frameworks */ = {
			isa = PBXFrameworksBuildPhase;
			buildActionMask = 2147483647;
			files = (
			);
			runOnlyForDeploymentPostprocessing = 0;
		};
/* End PBXFrameworksBuildPhase section */

/* Begin PBXGroup section */
		D49DF1C81C90C60400ECC740 = {
			isa = PBXGroup;
			children = (
				D49DF1D31C90C60400ECC740 /* DesignPatters */,
				D49DF1ED1C90C60400ECC740 /* DesignPattersTests */,
				D49DF1F81C90C60400ECC740 /* DesignPattersUITests */,
				D49DF1D21C90C60400ECC740 /* Products */,
			);
			sourceTree = "<group>";
		};
		D49DF1D21C90C60400ECC740 /* Products */ = {
			isa = PBXGroup;
			children = (
				D49DF1D11C90C60400ECC740 /* DesignPatters.app */,
				D49DF1EA1C90C60400ECC740 /* DesignPattersTests.xctest */,
				D49DF1F51C90C60400ECC740 /* DesignPattersUITests.xctest */,
			);
			name = Products;
			sourceTree = "<group>";
		};
		D49DF1D31C90C60400ECC740 /* DesignPatters */ = {
			isa = PBXGroup;
			children = (
				D49DF1D71C90C60400ECC740 /* AppDelegate.h */,
				D49DF1D81C90C60400ECC740 /* AppDelegate.m */,
				D49DF1DA1C90C60400ECC740 /* ViewController.h */,
				D49DF1DB1C90C60400ECC740 /* ViewController.m */,
				D49DF1DD1C90C60400ECC740 /* Main.storyboard */,
				D49DF1E01C90C60400ECC740 /* Assets.xcassets */,
				D49DF1E21C90C60400ECC740 /* LaunchScreen.storyboard */,
				D49DF1E51C90C60400ECC740 /* Info.plist */,
				D49DF1D41C90C60400ECC740 /* Supporting Files */,
				D49DF2071C90C62700ECC740 /* SingletonClass.h */,
				D49DF2081C90C62700ECC740 /* SingletonClass.m */,
				D49DF20A1C90DE0500ECC740 /* DelegateClass.h */,
				D49DF20B1C90DE0500ECC740 /* DelegateClass.m */,
				D49DF20D1C90FD5000ECC740 /* ObserverClass.h */,
				D49DF20E1C90FD5000ECC740 /* ObserverClass.m */,
			);
			path = DesignPatters;
			sourceTree = "<group>";
		};
		D49DF1D41C90C60400ECC740 /* Supporting Files */ = {
			isa = PBXGroup;
			children = (
				D49DF1D51C90C60400ECC740 /* main.m */,
			);
			name = "Supporting Files";
			sourceTree = "<group>";
		};
		D49DF1ED1C90C60400ECC740 /* DesignPattersTests */ = {
			isa = PBXGroup;
			children = (
				D49DF1EE1C90C60400ECC740 /* DesignPattersTests.m */,
				D49DF1F01C90C60400ECC740 /* Info.plist */,
			);
			path = DesignPattersTests;
			sourceTree = "<group>";
		};
		D49DF1F81C90C60400ECC740 /* DesignPattersUITests */ = {
			isa = PBXGroup;
			children = (
				D49DF1F91C90C60400ECC740 /* DesignPattersUITests.m */,
				D49DF1FB1C90C60400ECC740 /* Info.plist */,
			);
			path = DesignPattersUITests;
			sourceTree = "<group>";
		};
/* End PBXGroup section */

/* Begin PBXNativeTarget section */
		D49DF1D01C90C60400ECC740 /* DesignPatters */ = {
			isa = PBXNativeTarget;
			buildConfigurationList = D49DF1FE1C90C60400ECC740 /* Build configuration list for PBXNativeTarget "DesignPatters" */;
			buildPhases = (
				D49DF1CD1C90C60400ECC740 /* Sources */,
				D49DF1CE1C90C60400ECC740 /* Frameworks */,
				D49DF1CF1C90C60400ECC740 /* Resources */,
			);
			buildRules = (
			);
			dependencies = (
			);
			name = DesignPatters;
			productName = DesignPatters;
			productReference = D49DF1D11C90C60400ECC740 /* DesignPatters.app */;
			productType = "com.apple.product-type.application";
		};
		D49DF1E91C90C60400ECC740 /* DesignPattersTests */ = {
			isa = PBXNativeTarget;
			buildConfigurationList = D49DF2011C90C60400ECC740 /* Build configuration list for PBXNativeTarget "DesignPattersTests" */;
			buildPhases = (
				D49DF1E61C90C60400ECC740 /* Sources */,
				D49DF1E71C90C60400ECC740 /* Frameworks */,
				D49DF1E81C90C60400ECC740 /* Resources */,
			);
			buildRules = (
			);
			dependencies = (
				D49DF1EC1C90C60400ECC740 /* PBXTargetDependency */,
			);
			name = DesignPattersTests;
			productName = DesignPattersTests;
			productReference = D49DF1EA1C90C60400ECC740 /* DesignPattersTests.xctest */;
			productType = "com.apple.product-type.bundle.unit-test";
		};
		D49DF1F41C90C60400ECC740 /* DesignPattersUITests */ = {
			isa = PBXNativeTarget;
			buildConfigurationList = D49DF2041C90C60400ECC740 /* Build configuration list for PBXNativeTarget "DesignPattersUITests" */;
			buildPhases = (
				D49DF1F11C90C60400ECC740 /* Sources */,
				D49DF1F21C90C60400ECC740 /* Frameworks */,
				D49DF1F31C90C60400ECC740 /* Resources */,
			);
			buildRules = (
			);
			dependencies = (
				D49DF1F71C90C60400ECC740 /* PBXTargetDependency */,
			);
			name = DesignPattersUITests;
			productName = DesignPattersUITests;
			productReference = D49DF1F51C90C60400ECC740 /* DesignPattersUITests.xctest */;
			productType = "com.apple.product-type.bundle.ui-testing";
		};
/* End PBXNativeTarget section */

/* Begin PBXProject section */
		D49DF1C91C90C60400ECC740 /* Project object */ = {
			isa = PBXProject;
			attributes = {
				LastUpgradeCheck = 0720;
				ORGANIZATIONNAME = myCompany;
				TargetAttributes = {
					D49DF1D01C90C60400ECC740 = {
						CreatedOnToolsVersion = 7.2.1;
					};
					D49DF1E91C90C60400ECC740 = {
						CreatedOnToolsVersion = 7.2.1;
						TestTargetID = D49DF1D01C90C60400ECC740;
					};
					D49DF1F41C90C60400ECC740 = {
						CreatedOnToolsVersion = 7.2.1;
						TestTargetID = D49DF1D01C90C60400ECC740;
					};
				};
			};
			buildConfigurationList = D49DF1CC1C90C60400ECC740 /* Build configuration list for PBXProject "DesignPatters" */;
			compatibilityVersion = "Xcode 3.2";
			developmentRegion = English;
			hasScannedForEncodings = 0;
			knownRegions = (
				en,
				Base,
			);
			mainGroup = D49DF1C81C90C60400ECC740;
			productRefGroup = D49DF1D21C90C60400ECC740 /* Products */;
			projectDirPath = "";
			projectRoot = "";
			targets = (
				D49DF1D01C90C60400ECC740 /* DesignPatters */,
				D49DF1E91C90C60400ECC740 /* DesignPattersTests */,
				D49DF1F41C90C60400ECC740 /* DesignPattersUITests */,
			);
		};
/* End PBXProject section */

/* Begin PBXResourcesBuildPhase section */
		D49DF1CF1C90C60400ECC740 /* Resources */ = {
			isa = PBXResourcesBuildPhase;
			buildActionMask = 2147483647;
			files = (
				D49DF1E41C90C60400ECC740 /* LaunchScreen.storyboard in Resources */,
				D49DF1E11C90C60400ECC740 /* Assets.xcassets in Resources */,
				D49DF1DF1C90C60400ECC740 /* Main.storyboard in Resources */,
			);
			runOnlyForDeploymentPostprocessing = 0;
		};
		D49DF1E81C90C60400ECC740 /* Resources */ = {
			isa = PBXResourcesBuildPhase;
			buildActionMask = 2147483647;
			files = (
			);
			runOnlyForDeploymentPostprocessing = 0;
		};
		D49DF1F31C90C60400ECC740 /* Resources */ = {
			isa = PBXResourcesBuildPhase;
			buildActionMask = 2147483647;
			files = (
			);
			runOnlyForDeploymentPostprocessing = 0;
		};
/* End PBXResourcesBuildPhase section */

/* Begin PBXSourcesBuildPhase section */
		D49DF1CD1C90C60400ECC740 /* Sources */ = {
			isa = PBXSourcesBuildPhase;
			buildActionMask = 2147483647;
			files = (
				D49DF20F1C90FD5000ECC740 /* ObserverClass.m in Sources */,
				D49DF2091C90C62700ECC740 /* SingletonClass.m in Sources */,
				D49DF1DC1C90C60400ECC740 /* ViewController.m in Sources */,
				D49DF1D91C90C60400ECC740 /* AppDelegate.m in Sources */,
				D49DF20C1C90DE0500ECC740 /* DelegateClass.m in Sources */,
				D49DF1D61C90C60400ECC740 /* main.m in Sources */,
			);
			runOnlyForDeploymentPostprocessing = 0;
		};
		D49DF1E61C90C60400ECC740 /* Sources */ = {
			isa = PBXSourcesBuildPhase;
			buildActionMask = 2147483647;
			files = (
				D49DF1EF1C90C60400ECC740 /* DesignPattersTests.m in Sources */,
			);
			runOnlyForDeploymentPostprocessing = 0;
		};
		D49DF1F11C90C60400ECC740 /* Sources */ = {
			isa = PBXSourcesBuildPhase;
			buildActionMask = 2147483647;
			files = (
				D49DF1FA1C90C60400ECC740 /* DesignPattersUITests.m in Sources */,
			);
			runOnlyForDeploymentPostprocessing = 0;
		};
/* End PBXSourcesBuildPhase section */

/* Begin PBXTargetDependency section */
		D49DF1EC1C90C60400ECC740 /* PBXTargetDependency */ = {
			isa = PBXTargetDependency;
			target = D49DF1D01C90C60400ECC740 /* DesignPatters */;
			targetProxy = D49DF1EB1C90C60400ECC740 /* PBXContainerItemProxy */;
		};
		D49DF1F71C90C60400ECC740 /* PBXTargetDependency */ = {
			isa = PBXTargetDependency;
			target = D49DF1D01C90C60400ECC740 /* DesignPatters */;
			targetProxy = D49DF1F61C90C60400ECC740 /* PBXContainerItemProxy */;
		};
/* End PBXTargetDependency section */

/* Begin PBXVariantGroup section */
		D49DF1DD1C90C60400ECC740 /* Main.storyboard */ = {
			isa = PBXVariantGroup;
			children = (
				D49DF1DE1C90C60400ECC740 /* Base */,
			);
			name = Main.storyboard;
			sourceTree = "<group>";
		};
		D49DF1E21C90C60400ECC740 /* LaunchScreen.storyboard */ = {
			isa = PBXVariantGroup;
			children = (
				D49DF1E31C90C60400ECC740 /* Base */,
			);
			name = LaunchScreen.storyboard;
			sourceTree = "<group>";
		};
/* End PBXVariantGroup section */

/* Begin XCBuildConfiguration section */
		D49DF1FC1C90C60400ECC740 /* Debug */ = {
			isa = XCBuildConfiguration;
			buildSettings = {
				ALWAYS_SEARCH_USER_PATHS = NO;
				CLANG_CXX_LANGUAGE_STANDARD = "gnu++0x";
				CLANG_CXX_LIBRARY = "libc++";
				CLANG_ENABLE_MODULES = YES;
				CLANG_ENABLE_OBJC_ARC = YES;
				CLANG_WARN_BOOL_CONVERSION = YES;
				CLANG_WARN_CONSTANT_CONVERSION = YES;
				CLANG_WARN_DIRECT_OBJC_ISA_USAGE = YES_ERROR;
				CLANG_WARN_EMPTY_BODY = YES;
				CLANG_WARN_ENUM_CONVERSION = YES;
				CLANG_WARN_INT_CONVERSION = YES;
				CLANG_WARN_OBJC_ROOT_CLASS = YES_ERROR;
				CLANG_WARN_UNREACHABLE_CODE = YES;
				CLANG_WARN__DUPLICATE_METHOD_MATCH = YES;
				"CODE_SIGN_IDENTITY[sdk=iphoneos*]" = "iPhone Developer";
				COPY_PHASE_STRIP = NO;
				DEBUG_INFORMATION_FORMAT = dwarf;
				ENABLE_STRICT_OBJC_MSGSEND = YES;
				ENABLE_TESTABILITY = YES;
				GCC_C_LANGUAGE_STANDARD = gnu99;
				GCC_DYNAMIC_NO_PIC = NO;
				GCC_NO_COMMON_BLOCKS = YES;
				GCC_OPTIMIZATION_LEVEL = 0;
				GCC_PREPROCESSOR_DEFINITIONS = (
					"DEBUG=1",
					"$(inherited)",
				);
				GCC_WARN_64_TO_32_BIT_CONVERSION = YES;
				GCC_WARN_ABOUT_RETURN_TYPE = YES_ERROR;
				GCC_WARN_UNDECLARED_SELECTOR = YES;
				GCC_WARN_UNINITIALIZED_AUTOS = YES_AGGRESSIVE;
				GCC_WARN_UNUSED_FUNCTION = YES;
				GCC_WARN_UNUSED_VARIABLE = YES;
				IPHONEOS_DEPLOYMENT_TARGET = 9.2;
				MTL_ENABLE_DEBUG_INFO = YES;
				ONLY_ACTIVE_ARCH = YES;
				SDKROOT = iphoneos;
				TARGETED_DEVICE_FAMILY = "1,2";
			};
			name = Debug;
		};
		D49DF1FD1C90C60400ECC740 /* Release */ = {
			isa = XCBuildConfiguration;
			buildSettings = {
				ALWAYS_SEARCH_USER_PATHS = NO;
				CLANG_CXX_LANGUAGE_STANDARD = "gnu++0x";
				CLANG_CXX_LIBRARY = "libc++";
				CLANG_ENABLE_MODULES = YES;
				CLANG_ENABLE_OBJC_ARC = YES;
				CLANG_WARN_BOOL_CONVERSION = YES;
				CLANG_WARN_CONSTANT_CONVERSION = YES;
				CLANG_WARN_DIRECT_OBJC_ISA_USAGE = YES_ERROR;
				CLANG_WARN_EMPTY_BODY = YES;
				CLANG_WARN_ENUM_CONVERSION = YES;
				CLANG_WARN_INT_CONVERSION = YES;
				CLANG_WARN_OBJC_ROOT_CLASS = YES_ERROR;
				CLANG_WARN_UNREACHABLE_CODE = YES;
				CLANG_WARN__DUPLICATE_METHOD_MATCH = YES;
				"CODE_SIGN_IDENTITY[sdk=iphoneos*]" = "iPhone Developer";
				COPY_PHASE_STRIP = NO;
				DEBUG_INFORMATION_FORMAT = "dwarf-with-dsym";
				ENABLE_NS_ASSERTIONS = NO;
				ENABLE_STRICT_OBJC_MSGSEND = YES;
				GCC_C_LANGUAGE_STANDARD = gnu99;
				GCC_NO_COMMON_BLOCKS = YES;
				GCC_WARN_64_TO_32_BIT_CONVERSION = YES;
				GCC_WARN_ABOUT_RETURN_TYPE = YES_ERROR;
				GCC_WARN_UNDECLARED_SELECTOR = YES;
				GCC_WARN_UNINITIALIZED_AUTOS = YES_AGGRESSIVE;
				GCC_WARN_UNUSED_FUNCTION = YES;
				GCC_WARN_UNUSED_VARIABLE = YES;
				IPHONEOS_DEPLOYMENT_TARGET = 9.2;
				MTL_ENABLE_DEBUG_INFO = NO;
				SDKROOT = iphoneos;
				TARGETED_DEVICE_FAMILY = "1,2";
				VALIDATE_PRODUCT = YES;
			};
			name = Release;
		};
		D49DF1FF1C90C60400ECC740 /* Debug */ = {
			isa = XCBuildConfiguration;
			buildSettings = {
				ASSETCATALOG_COMPILER_APPICON_NAME = AppIcon;
				INFOPLIST_FILE = DesignPatters/Info.plist;
				LD_RUNPATH_SEARCH_PATHS = "$(inherited) @executable_path/Frameworks";
				PRODUCT_BUNDLE_IDENTIFIER = com.myCompany.DesignPatters;
				PRODUCT_NAME = "$(TARGET_NAME)";
			};
			name = Debug;
		};
		D49DF2001C90C60400ECC740 /* Release */ = {
			isa = XCBuildConfiguration;
			buildSettings = {
				ASSETCATALOG_COMPILER_APPICON_NAME = AppIcon;
				INFOPLIST_FILE = DesignPatters/Info.plist;
				LD_RUNPATH_SEARCH_PATHS = "$(inherited) @executable_path/Frameworks";
				PRODUCT_BUNDLE_IDENTIFIER = com.myCompany.DesignPatters;
				PRODUCT_NAME = "$(TARGET_NAME)";
			};
			name = Release;
		};
		D49DF2021C90C60400ECC740 /* Debug */ = {
			isa = XCBuildConfiguration;
			buildSettings = {
				BUNDLE_LOADER = "$(TEST_HOST)";
				INFOPLIST_FILE = DesignPattersTests/Info.plist;
				LD_RUNPATH_SEARCH_PATHS = "$(inherited) @executable_path/Frameworks @loader_path/Frameworks";
				PRODUCT_BUNDLE_IDENTIFIER = com.myCompany.DesignPattersTests;
				PRODUCT_NAME = "$(TARGET_NAME)";
				TEST_HOST = "$(BUILT_PRODUCTS_DIR)/DesignPatters.app/DesignPatters";
			};
			name = Debug;
		};
		D49DF2031C90C60400ECC740 /* Release */ = {
			isa = XCBuildConfiguration;
			buildSettings = {
				BUNDLE_LOADER = "$(TEST_HOST)";
				INFOPLIST_FILE = DesignPattersTests/Info.plist;
				LD_RUNPATH_SEARCH_PATHS = "$(inherited) @executable_path/Frameworks @loader_path/Frameworks";
				PRODUCT_BUNDLE_IDENTIFIER = com.myCompany.DesignPattersTests;
				PRODUCT_NAME = "$(TARGET_NAME)";
				TEST_HOST = "$(BUILT_PRODUCTS_DIR)/DesignPatters.app/DesignPatters";
			};
			name = Release;
		};
		D49DF2051C90C60400ECC740 /* Debug */ = {
			isa = XCBuildConfiguration;
			buildSettings = {
				INFOPLIST_FILE = DesignPattersUITests/Info.plist;
				LD_RUNPATH_SEARCH_PATHS = "$(inherited) @executable_path/Frameworks @loader_path/Frameworks";
				PRODUCT_BUNDLE_IDENTIFIER = com.myCompany.DesignPattersUITests;
				PRODUCT_NAME = "$(TARGET_NAME)";
				TEST_TARGET_NAME = DesignPatters;
				USES_XCTRUNNER = YES;
			};
			name = Debug;
		};
		D49DF2061C90C60400ECC740 /* Release */ = {
			isa = XCBuildConfiguration;
			buildSettings = {
				INFOPLIST_FILE = DesignPattersUITests/Info.plist;
				LD_RUNPATH_SEARCH_PATHS = "$(inherited) @executable_path/Frameworks @loader_path/Frameworks";
				PRODUCT_BUNDLE_IDENTIFIER = com.myCompany.DesignPattersUITests;
				PRODUCT_NAME = "$(TARGET_NAME)";
				TEST_TARGET_NAME = DesignPatters;
				USES_XCTRUNNER = YES;
			};
			name = Release;
		};
/* End XCBuildConfiguration section */

/* Begin XCConfigurationList section */
		D49DF1CC1C90C60400ECC740 /* Build configuration list for PBXProject "DesignPatters" */ = {
			isa = XCConfigurationList;
			buildConfigurations = (
				D49DF1FC1C90C60400ECC740 /* Debug */,
				D49DF1FD1C90C60400ECC740 /* Release */,
			);
			defaultConfigurationIsVisible = 0;
			defaultConfigurationName = Release;
		};
		D49DF1FE1C90C60400ECC740 /* Build configuration list for PBXNativeTarget "DesignPatters" */ = {
			isa = XCConfigurationList;
			buildConfigurations = (
				D49DF1FF1C90C60400ECC740 /* Debug */,
				D49DF2001C90C60400ECC740 /* Release */,
			);
			defaultConfigurationIsVisible = 0;
		};
		D49DF2011C90C60400ECC740 /* Build configuration list for PBXNativeTarget "DesignPattersTests" */ = {
			isa = XCConfigurationList;
			buildConfigurations = (
				D49DF2021C90C60400ECC740 /* Debug */,
				D49DF2031C90C60400ECC740 /* Release */,
			);
			defaultConfigurationIsVisible = 0;
		};
		D49DF2041C90C60400ECC740 /* Build configuration list for PBXNativeTarget "DesignPattersUITests" */ = {
			isa = XCConfigurationList;
			buildConfigurations = (
				D49DF2051C90C60400ECC740 /* Debug */,
				D49DF2061C90C60400ECC740 /* Release */,
			);
			defaultConfigurationIsVisible = 0;
		};
/* End XCConfigurationList section */
	};
	rootObject = D49DF1C91C90C60400ECC740 /* Project object */;
}
